
Microsoft Visual Studio Solution File, Format Version 12.00
# Visual Studio 14
VisualStudioVersion = 14.0.25420.1
MinimumVisualStudioVersion = 10.0.40219.1
Project("{FAE04EC0-301F-11D3-BF4B-00C04F79EFBC}") = "StackOverclone3", "StackOverclone3\StackOverclone3.csproj", "{6B2A7112-EDBD-4DC7-8CF5-4B13B6A71670}"
EndProject
Project("{FAE04EC0-301F-11D3-BF4B-00C04F79EFBC}") = "StackOverclone", "..\StackOverclone\StackOverclone\StackOverclone.csproj", "{1785BBE9-D59A-47D9-A6E0-8C11AC924130}"
EndProject
Global
	GlobalSection(SolutionConfigurationPlatforms) = preSolution
		Debug|Any CPU = Debug|Any CPU
		Release|Any CPU = Release|Any CPU
	EndGlobalSection
	GlobalSection(ProjectConfigurationPlatforms) = postSolution
		{6B2A7112-EDBD-4DC7-8CF5-4B13B6A71670}.Debug|Any CPU.ActiveCfg = Debug|Any CPU
		{6B2A7112-EDBD-4DC7-8CF5-4B13B6A71670}.Debug|Any CPU.Build.0 = Debug|Any CPU
		{6B2A7112-EDBD-4DC7-8CF5-4B13B6A71670}.Release|Any CPU.ActiveCfg = Release|Any CPU
		{6B2A7112-EDBD-4DC7-8CF5-4B13B6A71670}.Release|Any CPU.Build.0 = Release|Any CPU
		{1785BBE9-D59A-47D9-A6E0-8C11AC924130}.Debug|Any CPU.ActiveCfg = Debug|Any CPU
		{1785BBE9-D59A-47D9-A6E0-8C11AC924130}.Debug|Any CPU.Build.0 = Debug|Any CPU
		{1785BBE9-D59A-47D9-A6E0-8C11AC924130}.Release|Any CPU.ActiveCfg = Release|Any CPU
		{1785BBE9-D59A-47D9-A6E0-8C11AC924130}.Release|Any CPU.Build.0 = Release|Any CPU
	EndGlobalSection
	GlobalSection(SolutionProperties) = preSolution
		HideSolutionNode = FALSE
	EndGlobalSection
EndGlobal
